
Microsoft Visual Studio Solution File, Format Version 12.00
# Visual Studio Version 17
VisualStudioVersion = 17.11.35312.102
MinimumVisualStudioVersion = 10.0.40219.1
Project("{9A19103F-16F7-4668-BE54-9A1E7A4F7556}") = "App.API", "App.API\App.API.csproj", "{AEDB2779-6A3C-48C2-A5C9-F0E10C9FA110}"
EndProject
Project("{FAE04EC0-301F-11D3-BF4B-00C04F79EFBC}") = "Core", "Core\Core.csproj", "{1B5BDB14-CAB8-4BE5-8EBE-54D4DAC50EC4}"
EndProject
Project("{FAE04EC0-301F-11D3-BF4B-00C04F79EFBC}") = "Repository", "Repository\Repository.csproj", "{33AF679B-31A3-4F2E-B9A3-347B06A1D4CE}"
EndProject
Project("{FAE04EC0-301F-11D3-BF4B-00C04F79EFBC}") = "Service", "Service\Service.csproj", "{C4C46A0D-0DFE-49B8-AEB7-DC72D21E8FF0}"
EndProject
Global
	GlobalSection(SolutionConfigurationPlatforms) = preSolution
		Debug|Any CPU = Debug|Any CPU
		Release|Any CPU = Release|Any CPU
	EndGlobalSection
	GlobalSection(ProjectConfigurationPlatforms) = postSolution
		{AEDB2779-6A3C-48C2-A5C9-F0E10C9FA110}.Debug|Any CPU.ActiveCfg = Debug|Any CPU
		{AEDB2779-6A3C-48C2-A5C9-F0E10C9FA110}.Debug|Any CPU.Build.0 = Debug|Any CPU
		{AEDB2779-6A3C-48C2-A5C9-F0E10C9FA110}.Release|Any CPU.ActiveCfg = Release|Any CPU
		{AEDB2779-6A3C-48C2-A5C9-F0E10C9FA110}.Release|Any CPU.Build.0 = Release|Any CPU
		{1B5BDB14-CAB8-4BE5-8EBE-54D4DAC50EC4}.Debug|Any CPU.ActiveCfg = Debug|Any CPU
		{1B5BDB14-CAB8-4BE5-8EBE-54D4DAC50EC4}.Debug|Any CPU.Build.0 = Debug|Any CPU
		{1B5BDB14-CAB8-4BE5-8EBE-54D4DAC50EC4}.Release|Any CPU.ActiveCfg = Release|Any CPU
		{1B5BDB14-CAB8-4BE5-8EBE-54D4DAC50EC4}.Release|Any CPU.Build.0 = Release|Any CPU
		{33AF679B-31A3-4F2E-B9A3-347B06A1D4CE}.Debug|Any CPU.ActiveCfg = Debug|Any CPU
		{33AF679B-31A3-4F2E-B9A3-347B06A1D4CE}.Debug|Any CPU.Build.0 = Debug|Any CPU
		{33AF679B-31A3-4F2E-B9A3-347B06A1D4CE}.Release|Any CPU.ActiveCfg = Release|Any CPU
		{33AF679B-31A3-4F2E-B9A3-347B06A1D4CE}.Release|Any CPU.Build.0 = Release|Any CPU
		{C4C46A0D-0DFE-49B8-AEB7-DC72D21E8FF0}.Debug|Any CPU.ActiveCfg = Debug|Any CPU
		{C4C46A0D-0DFE-49B8-AEB7-DC72D21E8FF0}.Debug|Any CPU.Build.0 = Debug|Any CPU
		{C4C46A0D-0DFE-49B8-AEB7-DC72D21E8FF0}.Release|Any CPU.ActiveCfg = Release|Any CPU
		{C4C46A0D-0DFE-49B8-AEB7-DC72D21E8FF0}.Release|Any CPU.Build.0 = Release|Any CPU
	EndGlobalSection
	GlobalSection(SolutionProperties) = preSolution
		HideSolutionNode = FALSE
	EndGlobalSection
	GlobalSection(ExtensibilityGlobals) = postSolution
		SolutionGuid = {8D8848FF-2890-46B7-8427-1E940F6B3BBF}
	EndGlobalSection
EndGlobal
